
Microsoft Visual Studio Solution File, Format Version 12.00
# Visual Studio Version 17
VisualStudioVersion = 17.2.32516.85
MinimumVisualStudioVersion = 10.0.40219.1
Project("{9A19103F-16F7-4668-BE54-9A1E7A4F7556}") = "LightbulbEnhancer", "LightbulbEnhancer.csproj", "{CF1D34B4-B1BE-4C34-88DA-F52CACB11BBC}"
EndProject
Global
	GlobalSection(SolutionConfigurationPlatforms) = preSolution
		Debug|Any CPU = Debug|Any CPU
		Release|Any CPU = Release|Any CPU
	EndGlobalSection
	GlobalSection(ProjectConfigurationPlatforms) = postSolution
		{CF1D34B4-B1BE-4C34-88DA-F52CACB11BBC}.Debug|Any CPU.ActiveCfg = Debug|Any CPU
		{CF1D34B4-B1BE-4C34-88DA-F52CACB11BBC}.Debug|Any CPU.Build.0 = Debug|Any CPU
		{CF1D34B4-B1BE-4C34-88DA-F52CACB11BBC}.Release|Any CPU.ActiveCfg = Release|Any CPU
		{CF1D34B4-B1BE-4C34-88DA-F52CACB11BBC}.Release|Any CPU.Build.0 = Release|Any CPU
	EndGlobalSection
	GlobalSection(SolutionProperties) = preSolution
		HideSolutionNode = FALSE
	EndGlobalSection
	GlobalSection(ExtensibilityGlobals) = postSolution
		SolutionGuid = {3A97023C-A495-480E-96E0-D96F4FEB46F9}
	EndGlobalSection
EndGlobal
