
Microsoft Visual Studio Solution File, Format Version 12.00
# Visual Studio Version 17
VisualStudioVersion = 17.2.32516.85
MinimumVisualStudioVersion = 10.0.40219.1
Project("{9A19103F-16F7-4668-BE54-9A1E7A4F7556}") = "VoidChest", "VoidChest.csproj", "{0E62F8FB-E638-4F23-98D6-1D7636DBD34A}"
EndProject
Project("{FAE04EC0-301F-11D3-BF4B-00C04F79EFBC}") = "CModLib", "..\..\Atrio\CModLib\CModLib.csproj", "{752D84AC-254E-4B1F-AF42-A8ADE3956361}"
EndProject
Global
	GlobalSection(SolutionConfigurationPlatforms) = preSolution
		Debug|Any CPU = Debug|Any CPU
		Release|Any CPU = Release|Any CPU
	EndGlobalSection
	GlobalSection(ProjectConfigurationPlatforms) = postSolution
		{0E62F8FB-E638-4F23-98D6-1D7636DBD34A}.Debug|Any CPU.ActiveCfg = Debug|Any CPU
		{0E62F8FB-E638-4F23-98D6-1D7636DBD34A}.Debug|Any CPU.Build.0 = Debug|Any CPU
		{0E62F8FB-E638-4F23-98D6-1D7636DBD34A}.Release|Any CPU.ActiveCfg = Release|Any CPU
		{0E62F8FB-E638-4F23-98D6-1D7636DBD34A}.Release|Any CPU.Build.0 = Release|Any CPU
		{752D84AC-254E-4B1F-AF42-A8ADE3956361}.Debug|Any CPU.ActiveCfg = Debug|Any CPU
		{752D84AC-254E-4B1F-AF42-A8ADE3956361}.Debug|Any CPU.Build.0 = Debug|Any CPU
		{752D84AC-254E-4B1F-AF42-A8ADE3956361}.Release|Any CPU.ActiveCfg = Release|Any CPU
		{752D84AC-254E-4B1F-AF42-A8ADE3956361}.Release|Any CPU.Build.0 = Release|Any CPU
	EndGlobalSection
	GlobalSection(SolutionProperties) = preSolution
		HideSolutionNode = FALSE
	EndGlobalSection
	GlobalSection(ExtensibilityGlobals) = postSolution
		SolutionGuid = {4483F9BA-7817-481D-8409-427D5A0767B2}
	EndGlobalSection
EndGlobal
