
Microsoft Visual Studio Solution File, Format Version 12.00
# Visual Studio Version 17
VisualStudioVersion = 17.2.32516.85
MinimumVisualStudioVersion = 10.0.40219.1
Project("{9A19103F-16F7-4668-BE54-9A1E7A4F7556}") = "TorchEnhancer", "TorchEnhancer.csproj", "{B17A8194-4DD2-4DA0-ABBF-3AA0B0D9FCA8}"
EndProject
Global
	GlobalSection(SolutionConfigurationPlatforms) = preSolution
		Debug|Any CPU = Debug|Any CPU
		Release|Any CPU = Release|Any CPU
	EndGlobalSection
	GlobalSection(ProjectConfigurationPlatforms) = postSolution
		{B17A8194-4DD2-4DA0-ABBF-3AA0B0D9FCA8}.Debug|Any CPU.ActiveCfg = Debug|Any CPU
		{B17A8194-4DD2-4DA0-ABBF-3AA0B0D9FCA8}.Debug|Any CPU.Build.0 = Debug|Any CPU
		{B17A8194-4DD2-4DA0-ABBF-3AA0B0D9FCA8}.Release|Any CPU.ActiveCfg = Release|Any CPU
		{B17A8194-4DD2-4DA0-ABBF-3AA0B0D9FCA8}.Release|Any CPU.Build.0 = Release|Any CPU
	EndGlobalSection
	GlobalSection(SolutionProperties) = preSolution
		HideSolutionNode = FALSE
	EndGlobalSection
	GlobalSection(ExtensibilityGlobals) = postSolution
		SolutionGuid = {BB89F4D6-BFE1-4872-99BD-EAC79EDABFA3}
	EndGlobalSection
EndGlobal
