
Microsoft Visual Studio Solution File, Format Version 12.00
# Visual Studio Version 17
VisualStudioVersion = 17.2.32516.85
MinimumVisualStudioVersion = 10.0.40219.1
Project("{9A19103F-16F7-4668-BE54-9A1E7A4F7556}") = "DispenseChestTeleporter", "DispenseChestTeleporter.csproj", "{A5D1F378-A94D-49D5-89B0-870BD4DE20CD}"
EndProject
Global
	GlobalSection(SolutionConfigurationPlatforms) = preSolution
		Debug|Any CPU = Debug|Any CPU
		Release|Any CPU = Release|Any CPU
	EndGlobalSection
	GlobalSection(ProjectConfigurationPlatforms) = postSolution
		{A5D1F378-A94D-49D5-89B0-870BD4DE20CD}.Debug|Any CPU.ActiveCfg = Debug|Any CPU
		{A5D1F378-A94D-49D5-89B0-870BD4DE20CD}.Debug|Any CPU.Build.0 = Debug|Any CPU
		{A5D1F378-A94D-49D5-89B0-870BD4DE20CD}.Release|Any CPU.ActiveCfg = Release|Any CPU
		{A5D1F378-A94D-49D5-89B0-870BD4DE20CD}.Release|Any CPU.Build.0 = Release|Any CPU
	EndGlobalSection
	GlobalSection(SolutionProperties) = preSolution
		HideSolutionNode = FALSE
	EndGlobalSection
	GlobalSection(ExtensibilityGlobals) = postSolution
		SolutionGuid = {ECF07DBD-0D9D-4140-AC71-83458B358FAF}
	EndGlobalSection
EndGlobal
