
Microsoft Visual Studio Solution File, Format Version 12.00
# Visual Studio Version 17
VisualStudioVersion = 17.2.32516.85
MinimumVisualStudioVersion = 10.0.40219.1
Project("{9A19103F-16F7-4668-BE54-9A1E7A4F7556}") = "BasicQoL", "BasicQoL.csproj", "{466883B9-C358-4CA2-B9C5-E8B65ADBEE37}"
EndProject
Global
	GlobalSection(SolutionConfigurationPlatforms) = preSolution
		Debug|Any CPU = Debug|Any CPU
		Release|Any CPU = Release|Any CPU
	EndGlobalSection
	GlobalSection(ProjectConfigurationPlatforms) = postSolution
		{466883B9-C358-4CA2-B9C5-E8B65ADBEE37}.Debug|Any CPU.ActiveCfg = Debug|Any CPU
		{466883B9-C358-4CA2-B9C5-E8B65ADBEE37}.Debug|Any CPU.Build.0 = Debug|Any CPU
		{466883B9-C358-4CA2-B9C5-E8B65ADBEE37}.Release|Any CPU.ActiveCfg = Release|Any CPU
		{466883B9-C358-4CA2-B9C5-E8B65ADBEE37}.Release|Any CPU.Build.0 = Release|Any CPU
	EndGlobalSection
	GlobalSection(SolutionProperties) = preSolution
		HideSolutionNode = FALSE
	EndGlobalSection
	GlobalSection(ExtensibilityGlobals) = postSolution
		SolutionGuid = {F56A9BD1-B6FF-40A6-B4A2-B41F684AFDA8}
	EndGlobalSection
EndGlobal
